// !$*UTF8*$!
{
	archiveVersion = 1;
	classes = {
	};
	objectVersion = 46;
	objects = {

/* Begin PBXBuildFile section */
		8F25E12F19DE7B840043C6F0 /* CurrencyList.m in Sources */ = {isa = PBXBuildFile; fileRef = 8F25E12E19DE7B840043C6F0 /* CurrencyList.m */; };
		8F3C8E641A2820B300645A9B /* LanguageChanger.m in Sources */ = {isa = PBXBuildFile; fileRef = 8F3C8E631A2820B300645A9B /* LanguageChanger.m */; };
		8F3F7D8719DBAA4B001C9D78 /* CellDetail.m in Sources */ = {isa = PBXBuildFile; fileRef = 8F3F7D8619DBAA4B001C9D78 /* CellDetail.m */; };
		8F3F7D8E19DBF719001C9D78 /* User.m in Sources */ = {isa = PBXBuildFile; fileRef = 8F3F7D8D19DBF719001C9D78 /* User.m */; };
		8F49287B1A0083A90060697A /* VCCVHelp.m in Sources */ = {isa = PBXBuildFile; fileRef = 8F49287A1A0083A90060697A /* VCCVHelp.m */; };
		8F49287E1A0084080060697A /* VCNews.m in Sources */ = {isa = PBXBuildFile; fileRef = 8F49287D1A0084080060697A /* VCNews.m */; };
		8F4928811A0084160060697A /* VCTerms.m in Sources */ = {isa = PBXBuildFile; fileRef = 8F4928801A0084160060697A /* VCTerms.m */; };
		8F4928841A0084480060697A /* VCPrivacy.m in Sources */ = {isa = PBXBuildFile; fileRef = 8F4928831A0084480060697A /* VCPrivacy.m */; };
		8F4928871A0084690060697A /* VCCopyright.m in Sources */ = {isa = PBXBuildFile; fileRef = 8F4928861A0084690060697A /* VCCopyright.m */; };
		8F49288A1A00848A0060697A /* VCDisclaimer.m in Sources */ = {isa = PBXBuildFile; fileRef = 8F4928891A00848A0060697A /* VCDisclaimer.m */; };
		8F49288D1A00849F0060697A /* VCSecurityPolicy.m in Sources */ = {isa = PBXBuildFile; fileRef = 8F49288C1A00849F0060697A /* VCSecurityPolicy.m */; };
		8F4928901A00AA010060697A /* CellDocument.m in Sources */ = {isa = PBXBuildFile; fileRef = 8F49288F1A00AA010060697A /* CellDocument.m */; };
		8F4928931A00B0EB0060697A /* Document.m in Sources */ = {isa = PBXBuildFile; fileRef = 8F4928921A00B0EB0060697A /* Document.m */; };
		8F5A74B419EB9DEC0006DFAE /* UserChoicesFactory.m in Sources */ = {isa = PBXBuildFile; fileRef = 8F5A74B319EB9DEC0006DFAE /* UserChoicesFactory.m */; };
		8F5D8B5819F8C97F00EEC020 /* VCSlider.m in Sources */ = {isa = PBXBuildFile; fileRef = 8F5D8B5719F8C97F00EEC020 /* VCSlider.m */; };
		8F5D8B5B19F8F71500EEC020 /* CellSidebar.m in Sources */ = {isa = PBXBuildFile; fileRef = 8F5D8B5A19F8F71500EEC020 /* CellSidebar.m */; };
		8F6CDDAA19DD4302002D7079 /* VCUserDetails.m in Sources */ = {isa = PBXBuildFile; fileRef = 8F6CDDA919DD4302002D7079 /* VCUserDetails.m */; };
		8F6CDDAD19DD499E002D7079 /* VCUserSearches.m in Sources */ = {isa = PBXBuildFile; fileRef = 8F6CDDAC19DD499E002D7079 /* VCUserSearches.m */; };
		8F6CDDB019DD49A9002D7079 /* VCUserDocuments.m in Sources */ = {isa = PBXBuildFile; fileRef = 8F6CDDAF19DD49A9002D7079 /* VCUserDocuments.m */; };
		8F6CDDB319DD49B5002D7079 /* VCUserEmployments.m in Sources */ = {isa = PBXBuildFile; fileRef = 8F6CDDB219DD49B5002D7079 /* VCUserEmployments.m */; };
		8F6CDDB619DD49BF002D7079 /* VCUserPassword.m in Sources */ = {isa = PBXBuildFile; fileRef = 8F6CDDB519DD49BF002D7079 /* VCUserPassword.m */; };
		8F6CDDB919DD5B4E002D7079 /* PageNavigatorFactory.m in Sources */ = {isa = PBXBuildFile; fileRef = 8F6CDDB819DD5B4E002D7079 /* PageNavigatorFactory.m */; };
		8F6F5BCA19E7C39800271FB5 /* DAKeyboardControl.m in Sources */ = {isa = PBXBuildFile; fileRef = 8F6F5BC919E7C39800271FB5 /* DAKeyboardControl.m */; };
		8F77B3FC1A1DF96300D74FFC /* LaunchScreen.xib in Resources */ = {isa = PBXBuildFile; fileRef = 8F77B3FB1A1DF96300D74FFC /* LaunchScreen.xib */; };
		8F7BD62519DA8FDB00E20A77 /* VCJobDetails.m in Sources */ = {isa = PBXBuildFile; fileRef = 8F7BD62419DA8FDB00E20A77 /* VCJobDetails.m */; };
		8F7FD44D1A01E2E6005DA69C /* VCDocumentDetails.m in Sources */ = {isa = PBXBuildFile; fileRef = 8F7FD44C1A01E2E6005DA69C /* VCDocumentDetails.m */; };
		8F822C7A19DAAED900DB597E /* Job.m in Sources */ = {isa = PBXBuildFile; fileRef = 8F822C7919DAAED900DB597E /* Job.m */; };
		8F8486AC1A1069B7003F476B /* VCEmploymentDetail.m in Sources */ = {isa = PBXBuildFile; fileRef = 8F8486AB1A1069B7003F476B /* VCEmploymentDetail.m */; };
		8F8486AF1A106DDE003F476B /* VCDetail.m in Sources */ = {isa = PBXBuildFile; fileRef = 8F8486AE1A106DDE003F476B /* VCDetail.m */; };
		8F8486B21A1082EA003F476B /* CellApplication.m in Sources */ = {isa = PBXBuildFile; fileRef = 8F8486B11A1082EA003F476B /* CellApplication.m */; };
		8F8486B51A108394003F476B /* Application.m in Sources */ = {isa = PBXBuildFile; fileRef = 8F8486B41A108394003F476B /* Application.m */; };
		8F8486BB1A10C5FA003F476B /* CellSavedSearches.m in Sources */ = {isa = PBXBuildFile; fileRef = 8F8486BA1A10C5FA003F476B /* CellSavedSearches.m */; };
		8F8486BE1A10C89A003F476B /* SavedSearch.m in Sources */ = {isa = PBXBuildFile; fileRef = 8F8486BD1A10C89A003F476B /* SavedSearch.m */; };
		8F8486C11A10DF75003F476B /* VCSavedSearchDetail.m in Sources */ = {isa = PBXBuildFile; fileRef = 8F8486C01A10DF75003F476B /* VCSavedSearchDetail.m */; };
		8F85E6881A24316500A24E4D /* VCSaveSearch.m in Sources */ = {isa = PBXBuildFile; fileRef = 8F85E6871A24316500A24E4D /* VCSaveSearch.m */; };
		8F86E28719FE0E84006602FB /* VCHome.m in Sources */ = {isa = PBXBuildFile; fileRef = 8F86E28619FE0E84006602FB /* VCHome.m */; };
		8F877F9D19D5123C00B0F820 /* CountryList.m in Sources */ = {isa = PBXBuildFile; fileRef = 8F877F9C19D5123C00B0F820 /* CountryList.m */; };
		8F877FA219D5687B00B0F820 /* VCLogin.m in Sources */ = {isa = PBXBuildFile; fileRef = 8F877FA119D5687B00B0F820 /* VCLogin.m */; };
		8F9D86F51A007C85004878A4 /* VCLink.m in Sources */ = {isa = PBXBuildFile; fileRef = 8F9D86F41A007C85004878A4 /* VCLink.m */; };
		8FA1799D19F4B05F00F6AF24 /* VCLanguages.m in Sources */ = {isa = PBXBuildFile; fileRef = 8FA1799C19F4B05F00F6AF24 /* VCLanguages.m */; };
		8FAB94A919D909A4008D23C8 /* JobSummary.m in Sources */ = {isa = PBXBuildFile; fileRef = 8FAB94A819D909A4008D23C8 /* JobSummary.m */; };
		8FAB94AC19D93B46008D23C8 /* CellJobSummary.m in Sources */ = {isa = PBXBuildFile; fileRef = 8FAB94AB19D93B46008D23C8 /* CellJobSummary.m */; };
		8FAB94AF19D93D49008D23C8 /* VCJobSummary.m in Sources */ = {isa = PBXBuildFile; fileRef = 8FAB94AE19D93D49008D23C8 /* VCJobSummary.m */; };
		8FAF21071A1EE24F0065579D /* CellLatestVacancy.m in Sources */ = {isa = PBXBuildFile; fileRef = 8FAF21061A1EE24F0065579D /* CellLatestVacancy.m */; };
		8FAF210D1A1F188D0065579D /* VelosDatePicker.m in Sources */ = {isa = PBXBuildFile; fileRef = 8FAF210C1A1F188D0065579D /* VelosDatePicker.m */; };
		8FB178491A1E27BE00DD15AD /* Default-568h@2x.png in Resources */ = {isa = PBXBuildFile; fileRef = 8FB178461A1E27BE00DD15AD /* Default-568h@2x.png */; };
		8FB1784A1A1E27BE00DD15AD /* Default.png in Resources */ = {isa = PBXBuildFile; fileRef = 8FB178471A1E27BE00DD15AD /* Default.png */; };
		8FB1784B1A1E27BE00DD15AD /* Default@2x.png in Resources */ = {isa = PBXBuildFile; fileRef = 8FB178481A1E27BE00DD15AD /* Default@2x.png */; };
		8FB37EFE19D4198400B798BB /* main.m in Sources */ = {isa = PBXBuildFile; fileRef = 8FB37EFD19D4198400B798BB /* main.m */; };
		8FB37F0919D4198400B798BB /* Images.xcassets in Resources */ = {isa = PBXBuildFile; fileRef = 8FB37F0819D4198400B798BB /* Images.xcassets */; };
		8FB37F1819D4198400B798BB /* JobsTests.m in Sources */ = {isa = PBXBuildFile; fileRef = 8FB37F1719D4198400B798BB /* JobsTests.m */; };
		8FB50F871A11D88800FB4307 /* VCForgotPassword.m in Sources */ = {isa = PBXBuildFile; fileRef = 8FB50F861A11D88800FB4307 /* VCForgotPassword.m */; };
		8FB628A319FF70D0001D492C /* VCList.m in Sources */ = {isa = PBXBuildFile; fileRef = 8FB628A219FF70D0001D492C /* VCList.m */; };
		8FB628AA19FF9C05001D492C /* VCAboutUs.m in Sources */ = {isa = PBXBuildFile; fileRef = 8FB628A919FF9C05001D492C /* VCAboutUs.m */; };
		8FBEF3AE1A10574500A479F6 /* CellEmployment.m in Sources */ = {isa = PBXBuildFile; fileRef = 8FBEF3AD1A10574500A479F6 /* CellEmployment.m */; };
		8FBEF3B11A105A9200A479F6 /* Employment.m in Sources */ = {isa = PBXBuildFile; fileRef = 8FBEF3B01A105A9200A479F6 /* Employment.m */; };
		8FC08FCF1A1AEF9000A0E4BE /* OfflineGateway.m in Sources */ = {isa = PBXBuildFile; fileRef = 8FC08FCE1A1AEF9000A0E4BE /* OfflineGateway.m */; };
		8FC0C91219D41A11006F3652 /* AppDelegate.m in Sources */ = {isa = PBXBuildFile; fileRef = 8FC0C91119D41A11006F3652 /* AppDelegate.m */; };
		8FC0C91619D41A25006F3652 /* MBProgressHUD.m in Sources */ = {isa = PBXBuildFile; fileRef = 8FC0C91519D41A25006F3652 /* MBProgressHUD.m */; };
		8FC0C91A19D41A43006F3652 /* OnlineGateway.m in Sources */ = {isa = PBXBuildFile; fileRef = 8FC0C91919D41A43006F3652 /* OnlineGateway.m */; };
		8FC0C92019D41A60006F3652 /* VCCountrySelection.m in Sources */ = {isa = PBXBuildFile; fileRef = 8FC0C91D19D41A60006F3652 /* VCCountrySelection.m */; };
		8FC0C92119D41A60006F3652 /* VCLocationSelection.m in Sources */ = {isa = PBXBuildFile; fileRef = 8FC0C91F19D41A60006F3652 /* VCLocationSelection.m */; };
		8FC0C92419D41A69006F3652 /* VCPage.m in Sources */ = {isa = PBXBuildFile; fileRef = 8FC0C92319D41A69006F3652 /* VCPage.m */; };
		8FC0C92719D41A79006F3652 /* VCSearchJob.m in Sources */ = {isa = PBXBuildFile; fileRef = 8FC0C92619D41A79006F3652 /* VCSearchJob.m */; };
		8FC0C92A19D41A83006F3652 /* VelosiColors.m in Sources */ = {isa = PBXBuildFile; fileRef = 8FC0C92919D41A83006F3652 /* VelosiColors.m */; };
		8FC0C92E19D41AAD006F3652 /* VelosiCustomPicker.m in Sources */ = {isa = PBXBuildFile; fileRef = 8FC0C92D19D41AAD006F3652 /* VelosiCustomPicker.m */; };
		8FC0C93119D41AB8006F3652 /* VelosiDesigner.m in Sources */ = {isa = PBXBuildFile; fileRef = 8FC0C93019D41AB8006F3652 /* VelosiDesigner.m */; };
		8FC0C93519D41B2A006F3652 /* SBMain.storyboard in Resources */ = {isa = PBXBuildFile; fileRef = 8FC0C93419D41B2A006F3652 /* SBMain.storyboard */; };
		8FC8F44A19EE7D1C00BA9084 /* VCUserApplications.m in Sources */ = {isa = PBXBuildFile; fileRef = 8FC8F44919EE7D1C00BA9084 /* VCUserApplications.m */; };
		8FCEF9D01AFC863B007A79D7 /* SBSeach.storyboard in Resources */ = {isa = PBXBuildFile; fileRef = 8FCEF9CF1AFC863A007A79D7 /* SBSeach.storyboard */; };
		8FCEF9D21AFC8683007A79D7 /* SBLogin.storyboard in Resources */ = {isa = PBXBuildFile; fileRef = 8FCEF9D11AFC8683007A79D7 /* SBLogin.storyboard */; };
		8FCEF9D41AFC8695007A79D7 /* SBProfileDetail.storyboard in Resources */ = {isa = PBXBuildFile; fileRef = 8FCEF9D31AFC8695007A79D7 /* SBProfileDetail.storyboard */; };
		8FCEF9D61AFC86A5007A79D7 /* SBProfileDocs.storyboard in Resources */ = {isa = PBXBuildFile; fileRef = 8FCEF9D51AFC86A5007A79D7 /* SBProfileDocs.storyboard */; };
		8FCEF9D81AFC86B0007A79D7 /* SBProfileApps.storyboard in Resources */ = {isa = PBXBuildFile; fileRef = 8FCEF9D71AFC86B0007A79D7 /* SBProfileApps.storyboard */; };
		8FCEF9DA1AFC8700007A79D7 /* SBProfileSS.storyboard in Resources */ = {isa = PBXBuildFile; fileRef = 8FCEF9D91AFC8700007A79D7 /* SBProfileSS.storyboard */; };
		8FCEF9DC1AFC8B54007A79D7 /* SBProfileEmps.storyboard in Resources */ = {isa = PBXBuildFile; fileRef = 8FCEF9DB1AFC8B54007A79D7 /* SBProfileEmps.storyboard */; };
		8FCEF9DE1AFC8D51007A79D7 /* SBChangePass.storyboard in Resources */ = {isa = PBXBuildFile; fileRef = 8FCEF9DD1AFC8D51007A79D7 /* SBChangePass.storyboard */; };
		8FDF96911A2843E3008E9D0A /* LanguageEnglish.m in Sources */ = {isa = PBXBuildFile; fileRef = 8FDF96901A2843E3008E9D0A /* LanguageEnglish.m */; };
		B436E801FFB6533A9E07F629 /* libPods.a in Frameworks */ = {isa = PBXBuildFile; fileRef = 446948109AA87B391C57B7F9 /* libPods.a */; };
/* End PBXBuildFile section */

/* Begin PBXContainerItemProxy section */
		8FB37F1219D4198400B798BB /* PBXContainerItemProxy */ = {
			isa = PBXContainerItemProxy;
			containerPortal = 8FB37EF019D4198400B798BB /* Project object */;
			proxyType = 1;
			remoteGlobalIDString = 8FB37EF719D4198400B798BB;
			remoteInfo = Jobs;
		};
/* End PBXContainerItemProxy section */

/* Begin PBXFileReference section */
		30EDC7A813EB2A3B96D1F570 /* Pods.release.xcconfig */ = {isa = PBXFileReference; includeInIndex = 1; lastKnownFileType = text.xcconfig; name = Pods.release.xcconfig; path = "Pods/Target Support Files/Pods/Pods.release.xcconfig"; sourceTree = "<group>"; };
		446948109AA87B391C57B7F9 /* libPods.a */ = {isa = PBXFileReference; explicitFileType = archive.ar; includeInIndex = 0; path = libPods.a; sourceTree = BUILT_PRODUCTS_DIR; };
		8F25E12D19DE7B840043C6F0 /* CurrencyList.h */ = {isa = PBXFileReference; fileEncoding = 4; lastKnownFileType = sourcecode.c.h; path = CurrencyList.h; sourceTree = "<group>"; };
		8F25E12E19DE7B840043C6F0 /* CurrencyList.m */ = {isa = PBXFileReference; fileEncoding = 4; lastKnownFileType = sourcecode.c.objc; path = CurrencyList.m; sourceTree = "<group>"; };
		8F3C8E5E1A2819CF00645A9B /* LanguageChangeDelegate.h */ = {isa = PBXFileReference; fileEncoding = 4; lastKnownFileType = sourcecode.c.h; path = LanguageChangeDelegate.h; sourceTree = "<group>"; };
		8F3C8E621A2820B300645A9B /* LanguageChanger.h */ = {isa = PBXFileReference; fileEncoding = 4; lastKnownFileType = sourcecode.c.h; path = LanguageChanger.h; sourceTree = "<group>"; };
		8F3C8E631A2820B300645A9B /* LanguageChanger.m */ = {isa = PBXFileReference; fileEncoding = 4; lastKnownFileType = sourcecode.c.objc; path = LanguageChanger.m; sourceTree = "<group>"; };
		8F3C8E681A28417B00645A9B /* Language.h */ = {isa = PBXFileReference; fileEncoding = 4; lastKnownFileType = sourcecode.c.h; path = Language.h; sourceTree = "<group>"; };
		8F3F7D8519DBAA4B001C9D78 /* CellDetail.h */ = {isa = PBXFileReference; fileEncoding = 4; lastKnownFileType = sourcecode.c.h; path = CellDetail.h; sourceTree = "<group>"; };
		8F3F7D8619DBAA4B001C9D78 /* CellDetail.m */ = {isa = PBXFileReference; fileEncoding = 4; lastKnownFileType = sourcecode.c.objc; path = CellDetail.m; sourceTree = "<group>"; };
		8F3F7D8C19DBF719001C9D78 /* User.h */ = {isa = PBXFileReference; fileEncoding = 4; lastKnownFileType = sourcecode.c.h; path = User.h; sourceTree = "<group>"; };
		8F3F7D8D19DBF719001C9D78 /* User.m */ = {isa = PBXFileReference; fileEncoding = 4; lastKnownFileType = sourcecode.c.objc; path = User.m; sourceTree = "<group>"; };
		8F4928791A0083A90060697A /* VCCVHelp.h */ = {isa = PBXFileReference; fileEncoding = 4; lastKnownFileType = sourcecode.c.h; path = VCCVHelp.h; sourceTree = "<group>"; };
		8F49287A1A0083A90060697A /* VCCVHelp.m */ = {isa = PBXFileReference; fileEncoding = 4; lastKnownFileType = sourcecode.c.objc; path = VCCVHelp.m; sourceTree = "<group>"; };
		8F49287C1A0084080060697A /* VCNews.h */ = {isa = PBXFileReference; fileEncoding = 4; lastKnownFileType = sourcecode.c.h; path = VCNews.h; sourceTree = "<group>"; };
		8F49287D1A0084080060697A /* VCNews.m */ = {isa = PBXFileReference; fileEncoding = 4; lastKnownFileType = sourcecode.c.objc; path = VCNews.m; sourceTree = "<group>"; };
		8F49287F1A0084160060697A /* VCTerms.h */ = {isa = PBXFileReference; fileEncoding = 4; lastKnownFileType = sourcecode.c.h; path = VCTerms.h; sourceTree = "<group>"; };
		8F4928801A0084160060697A /* VCTerms.m */ = {isa = PBXFileReference; fileEncoding = 4; lastKnownFileType = sourcecode.c.objc; path = VCTerms.m; sourceTree = "<group>"; };
		8F4928821A0084480060697A /* VCPrivacy.h */ = {isa = PBXFileReference; fileEncoding = 4; lastKnownFileType = sourcecode.c.h; path = VCPrivacy.h; sourceTree = "<group>"; };
		8F4928831A0084480060697A /* VCPrivacy.m */ = {isa = PBXFileReference; fileEncoding = 4; lastKnownFileType = sourcecode.c.objc; path = VCPrivacy.m; sourceTree = "<group>"; };
		8F4928851A0084690060697A /* VCCopyright.h */ = {isa = PBXFileReference; fileEncoding = 4; lastKnownFileType = sourcecode.c.h; path = VCCopyright.h; sourceTree = "<group>"; };
		8F4928861A0084690060697A /* VCCopyright.m */ = {isa = PBXFileReference; fileEncoding = 4; lastKnownFileType = sourcecode.c.objc; path = VCCopyright.m; sourceTree = "<group>"; };
		8F4928881A00848A0060697A /* VCDisclaimer.h */ = {isa = PBXFileReference; fileEncoding = 4; lastKnownFileType = sourcecode.c.h; path = VCDisclaimer.h; sourceTree = "<group>"; };
		8F4928891A00848A0060697A /* VCDisclaimer.m */ = {isa = PBXFileReference; fileEncoding = 4; lastKnownFileType = sourcecode.c.objc; path = VCDisclaimer.m; sourceTree = "<group>"; };
		8F49288B1A00849F0060697A /* VCSecurityPolicy.h */ = {isa = PBXFileReference; fileEncoding = 4; lastKnownFileType = sourcecode.c.h; path = VCSecurityPolicy.h; sourceTree = "<group>"; };
		8F49288C1A00849F0060697A /* VCSecurityPolicy.m */ = {isa = PBXFileReference; fileEncoding = 4; lastKnownFileType = sourcecode.c.objc; path = VCSecurityPolicy.m; sourceTree = "<group>"; };
		8F49288E1A00AA010060697A /* CellDocument.h */ = {isa = PBXFileReference; fileEncoding = 4; lastKnownFileType = sourcecode.c.h; path = CellDocument.h; sourceTree = "<group>"; };
		8F49288F1A00AA010060697A /* CellDocument.m */ = {isa = PBXFileReference; fileEncoding = 4; lastKnownFileType = sourcecode.c.objc; path = CellDocument.m; sourceTree = "<group>"; };
		8F4928911A00B0EB0060697A /* Document.h */ = {isa = PBXFileReference; fileEncoding = 4; lastKnownFileType = sourcecode.c.h; path = Document.h; sourceTree = "<group>"; };
		8F4928921A00B0EB0060697A /* Document.m */ = {isa = PBXFileReference; fileEncoding = 4; lastKnownFileType = sourcecode.c.objc; path = Document.m; sourceTree = "<group>"; };
		8F5853C619F0C8B000F89DEC /* CellSelector.h */ = {isa = PBXFileReference; fileEncoding = 4; lastKnownFileType = sourcecode.c.h; path = CellSelector.h; sourceTree = "<group>"; };
		8F5A74B219EB9DEB0006DFAE /* UserChoicesFactory.h */ = {isa = PBXFileReference; fileEncoding = 4; lastKnownFileType = sourcecode.c.h; path = UserChoicesFactory.h; sourceTree = "<group>"; };
		8F5A74B319EB9DEC0006DFAE /* UserChoicesFactory.m */ = {isa = PBXFileReference; fileEncoding = 4; lastKnownFileType = sourcecode.c.objc; path = UserChoicesFactory.m; sourceTree = "<group>"; };
		8F5D8B5619F8C97F00EEC020 /* VCSlider.h */ = {isa = PBXFileReference; fileEncoding = 4; lastKnownFileType = sourcecode.c.h; path = VCSlider.h; sourceTree = "<group>"; };
		8F5D8B5719F8C97F00EEC020 /* VCSlider.m */ = {isa = PBXFileReference; fileEncoding = 4; lastKnownFileType = sourcecode.c.objc; path = VCSlider.m; sourceTree = "<group>"; };
		8F5D8B5919F8F71500EEC020 /* CellSidebar.h */ = {isa = PBXFileReference; fileEncoding = 4; lastKnownFileType = sourcecode.c.h; path = CellSidebar.h; sourceTree = "<group>"; };
		8F5D8B5A19F8F71500EEC020 /* CellSidebar.m */ = {isa = PBXFileReference; fileEncoding = 4; lastKnownFileType = sourcecode.c.objc; path = CellSidebar.m; sourceTree = "<group>"; };
		8F6CDDA819DD4302002D7079 /* VCUserDetails.h */ = {isa = PBXFileReference; fileEncoding = 4; lastKnownFileType = sourcecode.c.h; path = VCUserDetails.h; sourceTree = "<group>"; };
		8F6CDDA919DD4302002D7079 /* VCUserDetails.m */ = {isa = PBXFileReference; fileEncoding = 4; lastKnownFileType = sourcecode.c.objc; path = VCUserDetails.m; sourceTree = "<group>"; };
		8F6CDDAB19DD499E002D7079 /* VCUserSearches.h */ = {isa = PBXFileReference; fileEncoding = 4; lastKnownFileType = sourcecode.c.h; path = VCUserSearches.h; sourceTree = "<group>"; };
		8F6CDDAC19DD499E002D7079 /* VCUserSearches.m */ = {isa = PBXFileReference; fileEncoding = 4; lastKnownFileType = sourcecode.c.objc; path = VCUserSearches.m; sourceTree = "<group>"; };
		8F6CDDAE19DD49A9002D7079 /* VCUserDocuments.h */ = {isa = PBXFileReference; fileEncoding = 4; lastKnownFileType = sourcecode.c.h; path = VCUserDocuments.h; sourceTree = "<group>"; };
		8F6CDDAF19DD49A9002D7079 /* VCUserDocuments.m */ = {isa = PBXFileReference; fileEncoding = 4; lastKnownFileType = sourcecode.c.objc; path = VCUserDocuments.m; sourceTree = "<group>"; };
		8F6CDDB119DD49B5002D7079 /* VCUserEmployments.h */ = {isa = PBXFileReference; fileEncoding = 4; lastKnownFileType = sourcecode.c.h; path = VCUserEmployments.h; sourceTree = "<group>"; };
		8F6CDDB219DD49B5002D7079 /* VCUserEmployments.m */ = {isa = PBXFileReference; fileEncoding = 4; lastKnownFileType = sourcecode.c.objc; path = VCUserEmployments.m; sourceTree = "<group>"; };
		8F6CDDB419DD49BF002D7079 /* VCUserPassword.h */ = {isa = PBXFileReference; fileEncoding = 4; lastKnownFileType = sourcecode.c.h; path = VCUserPassword.h; sourceTree = "<group>"; };
		8F6CDDB519DD49BF002D7079 /* VCUserPassword.m */ = {isa = PBXFileReference; fileEncoding = 4; lastKnownFileType = sourcecode.c.objc; path = VCUserPassword.m; sourceTree = "<group>"; };
		8F6CDDB719DD5B4E002D7079 /* PageNavigatorFactory.h */ = {isa = PBXFileReference; fileEncoding = 4; lastKnownFileType = sourcecode.c.h; path = PageNavigatorFactory.h; sourceTree = "<group>"; };
		8F6CDDB819DD5B4E002D7079 /* PageNavigatorFactory.m */ = {isa = PBXFileReference; fileEncoding = 4; lastKnownFileType = sourcecode.c.objc; path = PageNavigatorFactory.m; sourceTree = "<group>"; };
		8F6F5BC819E7C39800271FB5 /* DAKeyboardControl.h */ = {isa = PBXFileReference; fileEncoding = 4; lastKnownFileType = sourcecode.c.h; path = DAKeyboardControl.h; sourceTree = "<group>"; };
		8F6F5BC919E7C39800271FB5 /* DAKeyboardControl.m */ = {isa = PBXFileReference; fileEncoding = 4; lastKnownFileType = sourcecode.c.objc; path = DAKeyboardControl.m; sourceTree = "<group>"; };
		8F77B3FB1A1DF96300D74FFC /* LaunchScreen.xib */ = {isa = PBXFileReference; fileEncoding = 4; lastKnownFileType = file.xib; path = LaunchScreen.xib; sourceTree = "<group>"; };
		8F7BD62319DA8FDB00E20A77 /* VCJobDetails.h */ = {isa = PBXFileReference; fileEncoding = 4; lastKnownFileType = sourcecode.c.h; path = VCJobDetails.h; sourceTree = "<group>"; };
		8F7BD62419DA8FDB00E20A77 /* VCJobDetails.m */ = {isa = PBXFileReference; fileEncoding = 4; lastKnownFileType = sourcecode.c.objc; path = VCJobDetails.m; sourceTree = "<group>"; };
		8F7FD44B1A01E2E6005DA69C /* VCDocumentDetails.h */ = {isa = PBXFileReference; fileEncoding = 4; lastKnownFileType = sourcecode.c.h; path = VCDocumentDetails.h; sourceTree = "<group>"; };
		8F7FD44C1A01E2E6005DA69C /* VCDocumentDetails.m */ = {isa = PBXFileReference; fileEncoding = 4; lastKnownFileType = sourcecode.c.objc; path = VCDocumentDetails.m; sourceTree = "<group>"; };
		8F822C7819DAAED900DB597E /* Job.h */ = {isa = PBXFileReference; fileEncoding = 4; lastKnownFileType = sourcecode.c.h; path = Job.h; sourceTree = "<group>"; };
		8F822C7919DAAED900DB597E /* Job.m */ = {isa = PBXFileReference; fileEncoding = 4; lastKnownFileType = sourcecode.c.objc; path = Job.m; sourceTree = "<group>"; };
		8F8486AA1A1069B7003F476B /* VCEmploymentDetail.h */ = {isa = PBXFileReference; fileEncoding = 4; lastKnownFileType = sourcecode.c.h; path = VCEmploymentDetail.h; sourceTree = "<group>"; };
		8F8486AB1A1069B7003F476B /* VCEmploymentDetail.m */ = {isa = PBXFileReference; fileEncoding = 4; lastKnownFileType = sourcecode.c.objc; path = VCEmploymentDetail.m; sourceTree = "<group>"; };
		8F8486AD1A106DDE003F476B /* VCDetail.h */ = {isa = PBXFileReference; fileEncoding = 4; lastKnownFileType = sourcecode.c.h; path = VCDetail.h; sourceTree = "<group>"; };
		8F8486AE1A106DDE003F476B /* VCDetail.m */ = {isa = PBXFileReference; fileEncoding = 4; lastKnownFileType = sourcecode.c.objc; path = VCDetail.m; sourceTree = "<group>"; };
		8F8486B01A1082EA003F476B /* CellApplication.h */ = {isa = PBXFileReference; fileEncoding = 4; lastKnownFileType = sourcecode.c.h; path = CellApplication.h; sourceTree = "<group>"; };
		8F8486B11A1082EA003F476B /* CellApplication.m */ = {isa = PBXFileReference; fileEncoding = 4; lastKnownFileType = sourcecode.c.objc; path = CellApplication.m; sourceTree = "<group>"; };
		8F8486B31A108394003F476B /* Application.h */ = {isa = PBXFileReference; fileEncoding = 4; lastKnownFileType = sourcecode.c.h; path = Application.h; sourceTree = "<group>"; };
		8F8486B41A108394003F476B /* Application.m */ = {isa = PBXFileReference; fileEncoding = 4; lastKnownFileType = sourcecode.c.objc; path = Application.m; sourceTree = "<group>"; };
		8F8486B91A10C5FA003F476B /* CellSavedSearches.h */ = {isa = PBXFileReference; fileEncoding = 4; lastKnownFileType = sourcecode.c.h; path = CellSavedSearches.h; sourceTree = "<group>"; };
		8F8486BA1A10C5FA003F476B /* CellSavedSearches.m */ = {isa = PBXFileReference; fileEncoding = 4; lastKnownFileType = sourcecode.c.objc; path = CellSavedSearches.m; sourceTree = "<group>"; };
		8F8486BC1A10C89A003F476B /* SavedSearch.h */ = {isa = PBXFileReference; fileEncoding = 4; lastKnownFileType = sourcecode.c.h; path = SavedSearch.h; sourceTree = "<group>"; };
		8F8486BD1A10C89A003F476B /* SavedSearch.m */ = {isa = PBXFileReference; fileEncoding = 4; lastKnownFileType = sourcecode.c.objc; path = SavedSearch.m; sourceTree = "<group>"; };
		8F8486BF1A10DF75003F476B /* VCSavedSearchDetail.h */ = {isa = PBXFileReference; fileEncoding = 4; lastKnownFileType = sourcecode.c.h; path = VCSavedSearchDetail.h; sourceTree = "<group>"; };
		8F8486C01A10DF75003F476B /* VCSavedSearchDetail.m */ = {isa = PBXFileReference; fileEncoding = 4; lastKnownFileType = sourcecode.c.objc; path = VCSavedSearchDetail.m; sourceTree = "<group>"; };
		8F85E6861A24316500A24E4D /* VCSaveSearch.h */ = {isa = PBXFileReference; fileEncoding = 4; lastKnownFileType = sourcecode.c.h; path = VCSaveSearch.h; sourceTree = "<group>"; };
		8F85E6871A24316500A24E4D /* VCSaveSearch.m */ = {isa = PBXFileReference; fileEncoding = 4; lastKnownFileType = sourcecode.c.objc; path = VCSaveSearch.m; sourceTree = "<group>"; };
		8F86E28519FE0E84006602FB /* VCHome.h */ = {isa = PBXFileReference; fileEncoding = 4; lastKnownFileType = sourcecode.c.h; path = VCHome.h; sourceTree = "<group>"; };
		8F86E28619FE0E84006602FB /* VCHome.m */ = {isa = PBXFileReference; fileEncoding = 4; lastKnownFileType = sourcecode.c.objc; path = VCHome.m; sourceTree = "<group>"; };
		8F877F9B19D5123C00B0F820 /* CountryList.h */ = {isa = PBXFileReference; fileEncoding = 4; lastKnownFileType = sourcecode.c.h; path = CountryList.h; sourceTree = "<group>"; };
		8F877F9C19D5123C00B0F820 /* CountryList.m */ = {isa = PBXFileReference; fileEncoding = 4; lastKnownFileType = sourcecode.c.objc; path = CountryList.m; sourceTree = "<group>"; };
		8F877FA019D5687B00B0F820 /* VCLogin.h */ = {isa = PBXFileReference; fileEncoding = 4; lastKnownFileType = sourcecode.c.h; path = VCLogin.h; sourceTree = "<group>"; };
		8F877FA119D5687B00B0F820 /* VCLogin.m */ = {isa = PBXFileReference; fileEncoding = 4; lastKnownFileType = sourcecode.c.objc; path = VCLogin.m; sourceTree = "<group>"; };
		8F9D86F31A007C85004878A4 /* VCLink.h */ = {isa = PBXFileReference; fileEncoding = 4; lastKnownFileType = sourcecode.c.h; path = VCLink.h; sourceTree = "<group>"; };
		8F9D86F41A007C85004878A4 /* VCLink.m */ = {isa = PBXFileReference; fileEncoding = 4; lastKnownFileType = sourcecode.c.objc; path = VCLink.m; sourceTree = "<group>"; };
		8FA1799B19F4B05F00F6AF24 /* VCLanguages.h */ = {isa = PBXFileReference; fileEncoding = 4; lastKnownFileType = sourcecode.c.h; path = VCLanguages.h; sourceTree = "<group>"; };
		8FA1799C19F4B05F00F6AF24 /* VCLanguages.m */ = {isa = PBXFileReference; fileEncoding = 4; lastKnownFileType = sourcecode.c.objc; path = VCLanguages.m; sourceTree = "<group>"; };
		8FAB94A719D909A4008D23C8 /* JobSummary.h */ = {isa = PBXFileReference; fileEncoding = 4; lastKnownFileType = sourcecode.c.h; path = JobSummary.h; sourceTree = "<group>"; };
		8FAB94A819D909A4008D23C8 /* JobSummary.m */ = {isa = PBXFileReference; fileEncoding = 4; lastKnownFileType = sourcecode.c.objc; path = JobSummary.m; sourceTree = "<group>"; };
		8FAB94AA19D93B46008D23C8 /* CellJobSummary.h */ = {isa = PBXFileReference; fileEncoding = 4; lastKnownFileType = sourcecode.c.h; path = CellJobSummary.h; sourceTree = "<group>"; };
		8FAB94AB19D93B46008D23C8 /* CellJobSummary.m */ = {isa = PBXFileReference; fileEncoding = 4; lastKnownFileType = sourcecode.c.objc; path = CellJobSummary.m; sourceTree = "<group>"; };
		8FAB94AD19D93D49008D23C8 /* VCJobSummary.h */ = {isa = PBXFileReference; fileEncoding = 4; lastKnownFileType = sourcecode.c.h; path = VCJobSummary.h; sourceTree = "<group>"; };
		8FAB94AE19D93D49008D23C8 /* VCJobSummary.m */ = {isa = PBXFileReference; fileEncoding = 4; lastKnownFileType = sourcecode.c.objc; path = VCJobSummary.m; sourceTree = "<group>"; };
		8FAF21051A1EE24F0065579D /* CellLatestVacancy.h */ = {isa = PBXFileReference; fileEncoding = 4; lastKnownFileType = sourcecode.c.h; path = CellLatestVacancy.h; sourceTree = "<group>"; };
		8FAF21061A1EE24F0065579D /* CellLatestVacancy.m */ = {isa = PBXFileReference; fileEncoding = 4; lastKnownFileType = sourcecode.c.objc; path = CellLatestVacancy.m; sourceTree = "<group>"; };
		8FAF210B1A1F188D0065579D /* VelosDatePicker.h */ = {isa = PBXFileReference; fileEncoding = 4; lastKnownFileType = sourcecode.c.h; path = VelosDatePicker.h; sourceTree = "<group>"; };
		8FAF210C1A1F188D0065579D /* VelosDatePicker.m */ = {isa = PBXFileReference; fileEncoding = 4; lastKnownFileType = sourcecode.c.objc; path = VelosDatePicker.m; sourceTree = "<group>"; };
		8FB178461A1E27BE00DD15AD /* Default-568h@2x.png */ = {isa = PBXFileReference; lastKnownFileType = image.png; path = "Default-568h@2x.png"; sourceTree = "<group>"; };
		8FB178471A1E27BE00DD15AD /* Default.png */ = {isa = PBXFileReference; lastKnownFileType = image.png; path = Default.png; sourceTree = "<group>"; };
		8FB178481A1E27BE00DD15AD /* Default@2x.png */ = {isa = PBXFileReference; lastKnownFileType = image.png; path = "Default@2x.png"; sourceTree = "<group>"; };
		8FB37EF819D4198400B798BB /* Jobs.app */ = {isa = PBXFileReference; explicitFileType = wrapper.application; includeInIndex = 0; path = Jobs.app; sourceTree = BUILT_PRODUCTS_DIR; };
		8FB37EFC19D4198400B798BB /* Info.plist */ = {isa = PBXFileReference; lastKnownFileType = text.plist.xml; path = Info.plist; sourceTree = "<group>"; };
		8FB37EFD19D4198400B798BB /* main.m */ = {isa = PBXFileReference; lastKnownFileType = sourcecode.c.objc; path = main.m; sourceTree = "<group>"; };
		8FB37F0819D4198400B798BB /* Images.xcassets */ = {isa = PBXFileReference; lastKnownFileType = folder.assetcatalog; path = Images.xcassets; sourceTree = "<group>"; };
		8FB37F1119D4198400B798BB /* JobsTests.xctest */ = {isa = PBXFileReference; explicitFileType = wrapper.cfbundle; includeInIndex = 0; path = JobsTests.xctest; sourceTree = BUILT_PRODUCTS_DIR; };
		8FB37F1619D4198400B798BB /* Info.plist */ = {isa = PBXFileReference; lastKnownFileType = text.plist.xml; path = Info.plist; sourceTree = "<group>"; };
		8FB37F1719D4198400B798BB /* JobsTests.m */ = {isa = PBXFileReference; lastKnownFileType = sourcecode.c.objc; path = JobsTests.m; sourceTree = "<group>"; };
		8FB50F851A11D88800FB4307 /* VCForgotPassword.h */ = {isa = PBXFileReference; fileEncoding = 4; lastKnownFileType = sourcecode.c.h; path = VCForgotPassword.h; sourceTree = "<group>"; };
		8FB50F861A11D88800FB4307 /* VCForgotPassword.m */ = {isa = PBXFileReference; fileEncoding = 4; lastKnownFileType = sourcecode.c.objc; path = VCForgotPassword.m; sourceTree = "<group>"; };
		8FB628A119FF70D0001D492C /* VCList.h */ = {isa = PBXFileReference; fileEncoding = 4; lastKnownFileType = sourcecode.c.h; path = VCList.h; sourceTree = "<group>"; };
		8FB628A219FF70D0001D492C /* VCList.m */ = {isa = PBXFileReference; fileEncoding = 4; lastKnownFileType = sourcecode.c.objc; path = VCList.m; sourceTree = "<group>"; };
		8FB628A819FF9C05001D492C /* VCAboutUs.h */ = {isa = PBXFileReference; fileEncoding = 4; lastKnownFileType = sourcecode.c.h; path = VCAboutUs.h; sourceTree = "<group>"; };
		8FB628A919FF9C05001D492C /* VCAboutUs.m */ = {isa = PBXFileReference; fileEncoding = 4; lastKnownFileType = sourcecode.c.objc; path = VCAboutUs.m; sourceTree = "<group>"; };
		8FBEF3AC1A10574500A479F6 /* CellEmployment.h */ = {isa = PBXFileReference; fileEncoding = 4; lastKnownFileType = sourcecode.c.h; path = CellEmployment.h; sourceTree = "<group>"; };
		8FBEF3AD1A10574500A479F6 /* CellEmployment.m */ = {isa = PBXFileReference; fileEncoding = 4; lastKnownFileType = sourcecode.c.objc; path = CellEmployment.m; sourceTree = "<group>"; };
		8FBEF3AF1A105A9200A479F6 /* Employment.h */ = {isa = PBXFileReference; fileEncoding = 4; lastKnownFileType = sourcecode.c.h; path = Employment.h; sourceTree = "<group>"; };
		8FBEF3B01A105A9200A479F6 /* Employment.m */ = {isa = PBXFileReference; fileEncoding = 4; lastKnownFileType = sourcecode.c.objc; path = Employment.m; sourceTree = "<group>"; };
		8FC03BA81A160AA9006D1EC9 /* CellSavedSearchesDelegate.h */ = {isa = PBXFileReference; fileEncoding = 4; lastKnownFileType = sourcecode.c.h; path = CellSavedSearchesDelegate.h; sourceTree = "<group>"; };
		8FC08FCD1A1AEF9000A0E4BE /* OfflineGateway.h */ = {isa = PBXFileReference; fileEncoding = 4; lastKnownFileType = sourcecode.c.h; path = OfflineGateway.h; sourceTree = "<group>"; };
		8FC08FCE1A1AEF9000A0E4BE /* OfflineGateway.m */ = {isa = PBXFileReference; fileEncoding = 4; lastKnownFileType = sourcecode.c.objc; path = OfflineGateway.m; sourceTree = "<group>"; };
		8FC0C91019D41A11006F3652 /* AppDelegate.h */ = {isa = PBXFileReference; fileEncoding = 4; lastKnownFileType = sourcecode.c.h; path = AppDelegate.h; sourceTree = "<group>"; };
		8FC0C91119D41A11006F3652 /* AppDelegate.m */ = {isa = PBXFileReference; fileEncoding = 4; lastKnownFileType = sourcecode.c.objc; path = AppDelegate.m; sourceTree = "<group>"; };
		8FC0C91419D41A25006F3652 /* MBProgressHUD.h */ = {isa = PBXFileReference; fileEncoding = 4; lastKnownFileType = sourcecode.c.h; path = MBProgressHUD.h; sourceTree = "<group>"; };
		8FC0C91519D41A25006F3652 /* MBProgressHUD.m */ = {isa = PBXFileReference; fileEncoding = 4; lastKnownFileType = sourcecode.c.objc; path = MBProgressHUD.m; sourceTree = "<group>"; };
		8FC0C91819D41A43006F3652 /* OnlineGateway.h */ = {isa = PBXFileReference; fileEncoding = 4; lastKnownFileType = sourcecode.c.h; path = OnlineGateway.h; sourceTree = "<group>"; };
		8FC0C91919D41A43006F3652 /* OnlineGateway.m */ = {isa = PBXFileReference; fileEncoding = 4; lastKnownFileType = sourcecode.c.objc; path = OnlineGateway.m; sourceTree = "<group>"; };
		8FC0C91C19D41A60006F3652 /* VCCountrySelection.h */ = {isa = PBXFileReference; fileEncoding = 4; lastKnownFileType = sourcecode.c.h; path = VCCountrySelection.h; sourceTree = "<group>"; };
		8FC0C91D19D41A60006F3652 /* VCCountrySelection.m */ = {isa = PBXFileReference; fileEncoding = 4; lastKnownFileType = sourcecode.c.objc; path = VCCountrySelection.m; sourceTree = "<group>"; };
		8FC0C91E19D41A60006F3652 /* VCLocationSelection.h */ = {isa = PBXFileReference; fileEncoding = 4; lastKnownFileType = sourcecode.c.h; path = VCLocationSelection.h; sourceTree = "<group>"; };
		8FC0C91F19D41A60006F3652 /* VCLocationSelection.m */ = {isa = PBXFileReference; fileEncoding = 4; lastKnownFileType = sourcecode.c.objc; path = VCLocationSelection.m; sourceTree = "<group>"; };
		8FC0C92219D41A69006F3652 /* VCPage.h */ = {isa = PBXFileReference; fileEncoding = 4; lastKnownFileType = sourcecode.c.h; path = VCPage.h; sourceTree = "<group>"; };
		8FC0C92319D41A69006F3652 /* VCPage.m */ = {isa = PBXFileReference; fileEncoding = 4; lastKnownFileType = sourcecode.c.objc; path = VCPage.m; sourceTree = "<group>"; };
		8FC0C92519D41A79006F3652 /* VCSearchJob.h */ = {isa = PBXFileReference; fileEncoding = 4; lastKnownFileType = sourcecode.c.h; path = VCSearchJob.h; sourceTree = "<group>"; };
		8FC0C92619D41A79006F3652 /* VCSearchJob.m */ = {isa = PBXFileReference; fileEncoding = 4; lastKnownFileType = sourcecode.c.objc; path = VCSearchJob.m; sourceTree = "<group>"; };
		8FC0C92819D41A83006F3652 /* VelosiColors.h */ = {isa = PBXFileReference; fileEncoding = 4; lastKnownFileType = sourcecode.c.h; path = VelosiColors.h; sourceTree = "<group>"; };
		8FC0C92919D41A83006F3652 /* VelosiColors.m */ = {isa = PBXFileReference; fileEncoding = 4; lastKnownFileType = sourcecode.c.objc; path = VelosiColors.m; sourceTree = "<group>"; };
		8FC0C92C19D41AAD006F3652 /* VelosiCustomPicker.h */ = {isa = PBXFileReference; fileEncoding = 4; lastKnownFileType = sourcecode.c.h; path = VelosiCustomPicker.h; sourceTree = "<group>"; };
		8FC0C92D19D41AAD006F3652 /* VelosiCustomPicker.m */ = {isa = PBXFileReference; fileEncoding = 4; lastKnownFileType = sourcecode.c.objc; path = VelosiCustomPicker.m; sourceTree = "<group>"; };
		8FC0C92F19D41AB8006F3652 /* VelosiDesigner.h */ = {isa = PBXFileReference; fileEncoding = 4; lastKnownFileType = sourcecode.c.h; path = VelosiDesigner.h; sourceTree = "<group>"; };
		8FC0C93019D41AB8006F3652 /* VelosiDesigner.m */ = {isa = PBXFileReference; fileEncoding = 4; lastKnownFileType = sourcecode.c.objc; path = VelosiDesigner.m; sourceTree = "<group>"; };
		8FC0C93319D41AC8006F3652 /* VelosiPickerRowSelectionDelegate.h */ = {isa = PBXFileReference; lastKnownFileType = sourcecode.c.h; path = VelosiPickerRowSelectionDelegate.h; sourceTree = "<group>"; };
		8FC0C93419D41B2A006F3652 /* SBMain.storyboard */ = {isa = PBXFileReference; fileEncoding = 4; lastKnownFileType = file.storyboard; path = SBMain.storyboard; sourceTree = "<group>"; };
		8FC8F44819EE7D1C00BA9084 /* VCUserApplications.h */ = {isa = PBXFileReference; fileEncoding = 4; lastKnownFileType = sourcecode.c.h; path = VCUserApplications.h; sourceTree = "<group>"; };
		8FC8F44919EE7D1C00BA9084 /* VCUserApplications.m */ = {isa = PBXFileReference; fileEncoding = 4; lastKnownFileType = sourcecode.c.objc; path = VCUserApplications.m; sourceTree = "<group>"; };
		8FCEF9CF1AFC863A007A79D7 /* SBSeach.storyboard */ = {isa = PBXFileReference; fileEncoding = 4; lastKnownFileType = file.storyboard; path = SBSeach.storyboard; sourceTree = "<group>"; };
		8FCEF9D11AFC8683007A79D7 /* SBLogin.storyboard */ = {isa = PBXFileReference; fileEncoding = 4; lastKnownFileType = file.storyboard; path = SBLogin.storyboard; sourceTree = "<group>"; };
		8FCEF9D31AFC8695007A79D7 /* SBProfileDetail.storyboard */ = {isa = PBXFileReference; fileEncoding = 4; lastKnownFileType = file.storyboard; path = SBProfileDetail.storyboard; sourceTree = "<group>"; };
		8FCEF9D51AFC86A5007A79D7 /* SBProfileDocs.storyboard */ = {isa = PBXFileReference; fileEncoding = 4; lastKnownFileType = file.storyboard; path = SBProfileDocs.storyboard; sourceTree = "<group>"; };
		8FCEF9D71AFC86B0007A79D7 /* SBProfileApps.storyboard */ = {isa = PBXFileReference; fileEncoding = 4; lastKnownFileType = file.storyboard; path = SBProfileApps.storyboard; sourceTree = "<group>"; };
		8FCEF9D91AFC8700007A79D7 /* SBProfileSS.storyboard */ = {isa = PBXFileReference; fileEncoding = 4; lastKnownFileType = file.storyboard; path = SBProfileSS.storyboard; sourceTree = "<group>"; };
		8FCEF9DB1AFC8B54007A79D7 /* SBProfileEmps.storyboard */ = {isa = PBXFileReference; fileEncoding = 4; lastKnownFileType = file.storyboard; path = SBProfileEmps.storyboard; sourceTree = "<group>"; };
		8FCEF9DD1AFC8D51007A79D7 /* SBChangePass.storyboard */ = {isa = PBXFileReference; fileEncoding = 4; lastKnownFileType = file.storyboard; path = SBChangePass.storyboard; sourceTree = "<group>"; };
		8FDF968F1A2843E3008E9D0A /* LanguageEnglish.h */ = {isa = PBXFileReference; fileEncoding = 4; lastKnownFileType = sourcecode.c.h; path = LanguageEnglish.h; sourceTree = "<group>"; };
		8FDF96901A2843E3008E9D0A /* LanguageEnglish.m */ = {isa = PBXFileReference; fileEncoding = 4; lastKnownFileType = sourcecode.c.objc; path = LanguageEnglish.m; sourceTree = "<group>"; };
		8FDF96941A284C98008E9D0A /* Jobs-Prefix.pch */ = {isa = PBXFileReference; lastKnownFileType = sourcecode.c.h; path = "Jobs-Prefix.pch"; sourceTree = "<group>"; };
		AEBD228C5F23C412553BE1A6 /* Pods.debug.xcconfig */ = {isa = PBXFileReference; includeInIndex = 1; lastKnownFileType = text.xcconfig; name = Pods.debug.xcconfig; path = "Pods/Target Support Files/Pods/Pods.debug.xcconfig"; sourceTree = "<group>"; };
/* End PBXFileReference section */

/* Begin PBXFrameworksBuildPhase section */
		8FB37EF519D4198400B798BB /* Frameworks */ = {
			isa = PBXFrameworksBuildPhase;
			buildActionMask = 2147483647;
			files = (
				B436E801FFB6533A9E07F629 /* libPods.a in Frameworks */,
			);
			runOnlyForDeploymentPostprocessing = 0;
		};
		8FB37F0E19D4198400B798BB /* Frameworks */ = {
			isa = PBXFrameworksBuildPhase;
			buildActionMask = 2147483647;
			files = (
			);
			runOnlyForDeploymentPostprocessing = 0;
		};
/* End PBXFrameworksBuildPhase section */

/* Begin PBXGroup section */
		5942652DD97192391B0FAA97 /* Pods */ = {
			isa = PBXGroup;
			children = (
				AEBD228C5F23C412553BE1A6 /* Pods.debug.xcconfig */,
				30EDC7A813EB2A3B96D1F570 /* Pods.release.xcconfig */,
			);
			name = Pods;
			sourceTree = "<group>";
		};
		7E81FB624F88044629233A7C /* Frameworks */ = {
			isa = PBXGroup;
			children = (
				446948109AA87B391C57B7F9 /* libPods.a */,
			);
			name = Frameworks;
			sourceTree = "<group>";
		};
		8F6CDDA719DD42ED002D7079 /* profile */ = {
			isa = PBXGroup;
			children = (
				8F877FA019D5687B00B0F820 /* VCLogin.h */,
				8F877FA119D5687B00B0F820 /* VCLogin.m */,
				8FB50F851A11D88800FB4307 /* VCForgotPassword.h */,
				8FB50F861A11D88800FB4307 /* VCForgotPassword.m */,
				8F6CDDA819DD4302002D7079 /* VCUserDetails.h */,
				8F6CDDA919DD4302002D7079 /* VCUserDetails.m */,
				8FA1799B19F4B05F00F6AF24 /* VCLanguages.h */,
				8FA1799C19F4B05F00F6AF24 /* VCLanguages.m */,
				8F6CDDAE19DD49A9002D7079 /* VCUserDocuments.h */,
				8F6CDDAF19DD49A9002D7079 /* VCUserDocuments.m */,
				8F7FD44B1A01E2E6005DA69C /* VCDocumentDetails.h */,
				8F7FD44C1A01E2E6005DA69C /* VCDocumentDetails.m */,
				8F6CDDB119DD49B5002D7079 /* VCUserEmployments.h */,
				8F6CDDB219DD49B5002D7079 /* VCUserEmployments.m */,
				8F8486AA1A1069B7003F476B /* VCEmploymentDetail.h */,
				8F8486AB1A1069B7003F476B /* VCEmploymentDetail.m */,
				8FC8F44819EE7D1C00BA9084 /* VCUserApplications.h */,
				8FC8F44919EE7D1C00BA9084 /* VCUserApplications.m */,
				8F6CDDAB19DD499E002D7079 /* VCUserSearches.h */,
				8F6CDDAC19DD499E002D7079 /* VCUserSearches.m */,
				8F8486BF1A10DF75003F476B /* VCSavedSearchDetail.h */,
				8F8486C01A10DF75003F476B /* VCSavedSearchDetail.m */,
				8F6CDDB419DD49BF002D7079 /* VCUserPassword.h */,
				8F6CDDB519DD49BF002D7079 /* VCUserPassword.m */,
			);
			name = profile;
			sourceTree = "<group>";
		};
		8F85E6851A241E0100A24E4D /* factories */ = {
			isa = PBXGroup;
			children = (
				8F5A74B219EB9DEB0006DFAE /* UserChoicesFactory.h */,
				8F5A74B319EB9DEC0006DFAE /* UserChoicesFactory.m */,
				8F6CDDB719DD5B4E002D7079 /* PageNavigatorFactory.h */,
				8F6CDDB819DD5B4E002D7079 /* PageNavigatorFactory.m */,
			);
			name = factories;
			sourceTree = "<group>";
		};
		8F877F9A19D5121A00B0F820 /* models */ = {
			isa = PBXGroup;
			children = (
				8F877F9B19D5123C00B0F820 /* CountryList.h */,
				8F877F9C19D5123C00B0F820 /* CountryList.m */,
				8F25E12D19DE7B840043C6F0 /* CurrencyList.h */,
				8F25E12E19DE7B840043C6F0 /* CurrencyList.m */,
				8FAB94A719D909A4008D23C8 /* JobSummary.h */,
				8FAB94A819D909A4008D23C8 /* JobSummary.m */,
				8F822C7819DAAED900DB597E /* Job.h */,
				8F822C7919DAAED900DB597E /* Job.m */,
				8F3F7D8C19DBF719001C9D78 /* User.h */,
				8F3F7D8D19DBF719001C9D78 /* User.m */,
				8F4928911A00B0EB0060697A /* Document.h */,
				8F4928921A00B0EB0060697A /* Document.m */,
				8FBEF3AF1A105A9200A479F6 /* Employment.h */,
				8FBEF3B01A105A9200A479F6 /* Employment.m */,
				8F8486B31A108394003F476B /* Application.h */,
				8F8486B41A108394003F476B /* Application.m */,
				8F8486BC1A10C89A003F476B /* SavedSearch.h */,
				8F8486BD1A10C89A003F476B /* SavedSearch.m */,
			);
			name = models;
			sourceTree = "<group>";
		};
		8FB37EEF19D4198400B798BB = {
			isa = PBXGroup;
			children = (
				8FB178461A1E27BE00DD15AD /* Default-568h@2x.png */,
				8FB178471A1E27BE00DD15AD /* Default.png */,
				8FB178481A1E27BE00DD15AD /* Default@2x.png */,
				8FB37EFA19D4198400B798BB /* Jobs */,
				8FB37F1419D4198400B798BB /* JobsTests */,
				8FB37EF919D4198400B798BB /* Products */,
				5942652DD97192391B0FAA97 /* Pods */,
				7E81FB624F88044629233A7C /* Frameworks */,
			);
			sourceTree = "<group>";
		};
		8FB37EF919D4198400B798BB /* Products */ = {
			isa = PBXGroup;
			children = (
				8FB37EF819D4198400B798BB /* Jobs.app */,
				8FB37F1119D4198400B798BB /* JobsTests.xctest */,
			);
			name = Products;
			sourceTree = "<group>";
		};
		8FB37EFA19D4198400B798BB /* Jobs */ = {
			isa = PBXGroup;
			children = (
				8FC0C91019D41A11006F3652 /* AppDelegate.h */,
				8FC0C91119D41A11006F3652 /* AppDelegate.m */,
				8F5D8B5619F8C97F00EEC020 /* VCSlider.h */,
				8F5D8B5719F8C97F00EEC020 /* VCSlider.m */,
				8FC0C92219D41A69006F3652 /* VCPage.h */,
				8FC0C92319D41A69006F3652 /* VCPage.m */,
				8FB628A119FF70D0001D492C /* VCList.h */,
				8FB628A219FF70D0001D492C /* VCList.m */,
				8F8486AD1A106DDE003F476B /* VCDetail.h */,
				8F8486AE1A106DDE003F476B /* VCDetail.m */,
				8FC0C91B19D41A4B006F3652 /* pages */,
				8FC0C92B19D41A8F006F3652 /* customviews */,
				8F877F9A19D5121A00B0F820 /* models */,
				8FC0C91719D41A2D006F3652 /* utils */,
				8FC0C93419D41B2A006F3652 /* SBMain.storyboard */,
				8FCEF9CF1AFC863A007A79D7 /* SBSeach.storyboard */,
				8FCEF9D11AFC8683007A79D7 /* SBLogin.storyboard */,
				8FCEF9D31AFC8695007A79D7 /* SBProfileDetail.storyboard */,
				8FCEF9D51AFC86A5007A79D7 /* SBProfileDocs.storyboard */,
				8FCEF9DB1AFC8B54007A79D7 /* SBProfileEmps.storyboard */,
				8FCEF9D71AFC86B0007A79D7 /* SBProfileApps.storyboard */,
				8FCEF9D91AFC8700007A79D7 /* SBProfileSS.storyboard */,
				8FCEF9DD1AFC8D51007A79D7 /* SBChangePass.storyboard */,
				8F77B3FB1A1DF96300D74FFC /* LaunchScreen.xib */,
				8FB37F0819D4198400B798BB /* Images.xcassets */,
				8FB37EFB19D4198400B798BB /* Supporting Files */,
				8FDF96941A284C98008E9D0A /* Jobs-Prefix.pch */,
			);
			path = Jobs;
			sourceTree = "<group>";
		};
		8FB37EFB19D4198400B798BB /* Supporting Files */ = {
			isa = PBXGroup;
			children = (
				8FB37EFC19D4198400B798BB /* Info.plist */,
				8FB37EFD19D4198400B798BB /* main.m */,
			);
			name = "Supporting Files";
			sourceTree = "<group>";
		};
		8FB37F1419D4198400B798BB /* JobsTests */ = {
			isa = PBXGroup;
			children = (
				8FB37F1719D4198400B798BB /* JobsTests.m */,
				8FB37F1519D4198400B798BB /* Supporting Files */,
			);
			path = JobsTests;
			sourceTree = "<group>";
		};
		8FB37F1519D4198400B798BB /* Supporting Files */ = {
			isa = PBXGroup;
			children = (
				8FB37F1619D4198400B798BB /* Info.plist */,
			);
			name = "Supporting Files";
			sourceTree = "<group>";
		};
		8FB628A719FF9BBC001D492C /* links */ = {
			isa = PBXGroup;
			children = (
				8FB628A819FF9C05001D492C /* VCAboutUs.h */,
				8FB628A919FF9C05001D492C /* VCAboutUs.m */,
				8F4928791A0083A90060697A /* VCCVHelp.h */,
				8F49287A1A0083A90060697A /* VCCVHelp.m */,
				8F49287C1A0084080060697A /* VCNews.h */,
				8F49287D1A0084080060697A /* VCNews.m */,
				8F49287F1A0084160060697A /* VCTerms.h */,
				8F4928801A0084160060697A /* VCTerms.m */,
				8F4928821A0084480060697A /* VCPrivacy.h */,
				8F4928831A0084480060697A /* VCPrivacy.m */,
				8F4928851A0084690060697A /* VCCopyright.h */,
				8F4928861A0084690060697A /* VCCopyright.m */,
				8F4928881A00848A0060697A /* VCDisclaimer.h */,
				8F4928891A00848A0060697A /* VCDisclaimer.m */,
				8F49288B1A00849F0060697A /* VCSecurityPolicy.h */,
				8F49288C1A00849F0060697A /* VCSecurityPolicy.m */,
			);
			name = links;
			sourceTree = "<group>";
		};
		8FC0C91319D41A1D006F3652 /* libs */ = {
			isa = PBXGroup;
			children = (
				8FC0C91419D41A25006F3652 /* MBProgressHUD.h */,
				8FC0C91519D41A25006F3652 /* MBProgressHUD.m */,
				8F6F5BC819E7C39800271FB5 /* DAKeyboardControl.h */,
				8F6F5BC919E7C39800271FB5 /* DAKeyboardControl.m */,
			);
			name = libs;
			sourceTree = "<group>";
		};
		8FC0C91719D41A2D006F3652 /* utils */ = {
			isa = PBXGroup;
			children = (
				8FDF96921A2843EE008E9D0A /* languages */,
				8F85E6851A241E0100A24E4D /* factories */,
				8FC0C93219D41ABF006F3652 /* protocols */,
				8FC0C92F19D41AB8006F3652 /* VelosiDesigner.h */,
				8FC0C93019D41AB8006F3652 /* VelosiDesigner.m */,
				8FC0C92819D41A83006F3652 /* VelosiColors.h */,
				8FC0C92919D41A83006F3652 /* VelosiColors.m */,
				8FC0C91819D41A43006F3652 /* OnlineGateway.h */,
				8FC0C91919D41A43006F3652 /* OnlineGateway.m */,
				8FC08FCD1A1AEF9000A0E4BE /* OfflineGateway.h */,
				8FC08FCE1A1AEF9000A0E4BE /* OfflineGateway.m */,
				8FC0C91319D41A1D006F3652 /* libs */,
				8F3C8E621A2820B300645A9B /* LanguageChanger.h */,
				8F3C8E631A2820B300645A9B /* LanguageChanger.m */,
			);
			name = utils;
			sourceTree = "<group>";
		};
		8FC0C91B19D41A4B006F3652 /* pages */ = {
			isa = PBXGroup;
			children = (
				8F86E28519FE0E84006602FB /* VCHome.h */,
				8F86E28619FE0E84006602FB /* VCHome.m */,
				8FC0C92519D41A79006F3652 /* VCSearchJob.h */,
				8FC0C92619D41A79006F3652 /* VCSearchJob.m */,
				8FAB94AD19D93D49008D23C8 /* VCJobSummary.h */,
				8FAB94AE19D93D49008D23C8 /* VCJobSummary.m */,
				8F85E6861A24316500A24E4D /* VCSaveSearch.h */,
				8F85E6871A24316500A24E4D /* VCSaveSearch.m */,
				8F7BD62319DA8FDB00E20A77 /* VCJobDetails.h */,
				8F7BD62419DA8FDB00E20A77 /* VCJobDetails.m */,
				8FC0C91C19D41A60006F3652 /* VCCountrySelection.h */,
				8FC0C91D19D41A60006F3652 /* VCCountrySelection.m */,
				8FC0C91E19D41A60006F3652 /* VCLocationSelection.h */,
				8FC0C91F19D41A60006F3652 /* VCLocationSelection.m */,
				8F6CDDA719DD42ED002D7079 /* profile */,
				8F9D86F31A007C85004878A4 /* VCLink.h */,
				8F9D86F41A007C85004878A4 /* VCLink.m */,
				8FB628A719FF9BBC001D492C /* links */,
			);
			name = pages;
			sourceTree = "<group>";
		};
		8FC0C92B19D41A8F006F3652 /* customviews */ = {
			isa = PBXGroup;
			children = (
				8FC0C92C19D41AAD006F3652 /* VelosiCustomPicker.h */,
				8FC0C92D19D41AAD006F3652 /* VelosiCustomPicker.m */,
				8FAF210B1A1F188D0065579D /* VelosDatePicker.h */,
				8FAF210C1A1F188D0065579D /* VelosDatePicker.m */,
				8FAB94AA19D93B46008D23C8 /* CellJobSummary.h */,
				8FAB94AB19D93B46008D23C8 /* CellJobSummary.m */,
				8F3F7D8519DBAA4B001C9D78 /* CellDetail.h */,
				8F3F7D8619DBAA4B001C9D78 /* CellDetail.m */,
				8F5D8B5919F8F71500EEC020 /* CellSidebar.h */,
				8F5D8B5A19F8F71500EEC020 /* CellSidebar.m */,
				8F49288E1A00AA010060697A /* CellDocument.h */,
				8F49288F1A00AA010060697A /* CellDocument.m */,
				8FBEF3AC1A10574500A479F6 /* CellEmployment.h */,
				8FBEF3AD1A10574500A479F6 /* CellEmployment.m */,
				8F8486B01A1082EA003F476B /* CellApplication.h */,
				8F8486B11A1082EA003F476B /* CellApplication.m */,
				8F8486B91A10C5FA003F476B /* CellSavedSearches.h */,
				8F8486BA1A10C5FA003F476B /* CellSavedSearches.m */,
				8FAF21051A1EE24F0065579D /* CellLatestVacancy.h */,
				8FAF21061A1EE24F0065579D /* CellLatestVacancy.m */,
			);
			name = customviews;
			sourceTree = "<group>";
		};
		8FC0C93219D41ABF006F3652 /* protocols */ = {
			isa = PBXGroup;
			children = (
				8FC0C93319D41AC8006F3652 /* VelosiPickerRowSelectionDelegate.h */,
				8F5853C619F0C8B000F89DEC /* CellSelector.h */,
				8FC03BA81A160AA9006D1EC9 /* CellSavedSearchesDelegate.h */,
				8F3C8E5E1A2819CF00645A9B /* LanguageChangeDelegate.h */,
				8F3C8E681A28417B00645A9B /* Language.h */,
			);
			name = protocols;
			sourceTree = "<group>";
		};
		8FDF96921A2843EE008E9D0A /* languages */ = {
			isa = PBXGroup;
			children = (
				8FDF968F1A2843E3008E9D0A /* LanguageEnglish.h */,
				8FDF96901A2843E3008E9D0A /* LanguageEnglish.m */,
			);
			name = languages;
			sourceTree = "<group>";
		};
/* End PBXGroup section */

/* Begin PBXNativeTarget section */
		8FB37EF719D4198400B798BB /* Jobs */ = {
			isa = PBXNativeTarget;
			buildConfigurationList = 8FB37F1B19D4198400B798BB /* Build configuration list for PBXNativeTarget "Jobs" */;
			buildPhases = (
				A7132F0DB69427DE935D03BF /* Check Pods Manifest.lock */,
				8FB37EF419D4198400B798BB /* Sources */,
				8FB37EF519D4198400B798BB /* Frameworks */,
				8FB37EF619D4198400B798BB /* Resources */,
				C6D103F1DA16383E51FC70F5 /* Copy Pods Resources */,
			);
			buildRules = (
			);
			dependencies = (
			);
			name = Jobs;
			productName = Jobs;
			productReference = 8FB37EF819D4198400B798BB /* Jobs.app */;
			productType = "com.apple.product-type.application";
		};
		8FB37F1019D4198400B798BB /* JobsTests */ = {
			isa = PBXNativeTarget;
			buildConfigurationList = 8FB37F1E19D4198400B798BB /* Build configuration list for PBXNativeTarget "JobsTests" */;
			buildPhases = (
				8FB37F0D19D4198400B798BB /* Sources */,
				8FB37F0E19D4198400B798BB /* Frameworks */,
				8FB37F0F19D4198400B798BB /* Resources */,
			);
			buildRules = (
			);
			dependencies = (
				8FB37F1319D4198400B798BB /* PBXTargetDependency */,
			);
			name = JobsTests;
			productName = JobsTests;
			productReference = 8FB37F1119D4198400B798BB /* JobsTests.xctest */;
			productType = "com.apple.product-type.bundle.unit-test";
		};
/* End PBXNativeTarget section */

/* Begin PBXProject section */
		8FB37EF019D4198400B798BB /* Project object */ = {
			isa = PBXProject;
			attributes = {
				LastUpgradeCheck = 0600;
				ORGANIZATIONNAME = applusvelosi;
				TargetAttributes = {
					8FB37EF719D4198400B798BB = {
						CreatedOnToolsVersion = 6.0.1;
						DevelopmentTeam = HR27VC98VQ;
					};
					8FB37F1019D4198400B798BB = {
						CreatedOnToolsVersion = 6.0.1;
						TestTargetID = 8FB37EF719D4198400B798BB;
					};
				};
			};
			buildConfigurationList = 8FB37EF319D4198400B798BB /* Build configuration list for PBXProject "Jobs" */;
			compatibilityVersion = "Xcode 3.2";
			developmentRegion = English;
			hasScannedForEncodings = 0;
			knownRegions = (
				en,
				Base,
			);
			mainGroup = 8FB37EEF19D4198400B798BB;
			productRefGroup = 8FB37EF919D4198400B798BB /* Products */;
			projectDirPath = "";
			projectRoot = "";
			targets = (
				8FB37EF719D4198400B798BB /* Jobs */,
				8FB37F1019D4198400B798BB /* JobsTests */,
			);
		};
/* End PBXProject section */

/* Begin PBXResourcesBuildPhase section */
		8FB37EF619D4198400B798BB /* Resources */ = {
			isa = PBXResourcesBuildPhase;
			buildActionMask = 2147483647;
			files = (
				8FCEF9D21AFC8683007A79D7 /* SBLogin.storyboard in Resources */,
				8FB1784B1A1E27BE00DD15AD /* Default@2x.png in Resources */,
				8FCEF9D41AFC8695007A79D7 /* SBProfileDetail.storyboard in Resources */,
				8FC0C93519D41B2A006F3652 /* SBMain.storyboard in Resources */,
				8FCEF9DE1AFC8D51007A79D7 /* SBChangePass.storyboard in Resources */,
				8FCEF9D81AFC86B0007A79D7 /* SBProfileApps.storyboard in Resources */,
				8FCEF9DC1AFC8B54007A79D7 /* SBProfileEmps.storyboard in Resources */,
				8FCEF9D01AFC863B007A79D7 /* SBSeach.storyboard in Resources */,
				8FB178491A1E27BE00DD15AD /* Default-568h@2x.png in Resources */,
				8FCEF9D61AFC86A5007A79D7 /* SBProfileDocs.storyboard in Resources */,
				8F77B3FC1A1DF96300D74FFC /* LaunchScreen.xib in Resources */,
				8FCEF9DA1AFC8700007A79D7 /* SBProfileSS.storyboard in Resources */,
				8FB37F0919D4198400B798BB /* Images.xcassets in Resources */,
				8FB1784A1A1E27BE00DD15AD /* Default.png in Resources */,
			);
			runOnlyForDeploymentPostprocessing = 0;
		};
		8FB37F0F19D4198400B798BB /* Resources */ = {
			isa = PBXResourcesBuildPhase;
			buildActionMask = 2147483647;
			files = (
			);
			runOnlyForDeploymentPostprocessing = 0;
		};
/* End PBXResourcesBuildPhase section */

/* Begin PBXShellScriptBuildPhase section */
		A7132F0DB69427DE935D03BF /* Check Pods Manifest.lock */ = {
			isa = PBXShellScriptBuildPhase;
			buildActionMask = 2147483647;
			files = (
			);
			inputPaths = (
			);
			name = "Check Pods Manifest.lock";
			outputPaths = (
			);
			runOnlyForDeploymentPostprocessing = 0;
			shellPath = /bin/sh;
			shellScript = "diff \"${PODS_ROOT}/../Podfile.lock\" \"${PODS_ROOT}/Manifest.lock\" > /dev/null\nif [[ $? != 0 ]] ; then\n    cat << EOM\nerror: The sandbox is not in sync with the Podfile.lock. Run 'pod install' or update your CocoaPods installation.\nEOM\n    exit 1\nfi\n";
			showEnvVarsInLog = 0;
		};
		C6D103F1DA16383E51FC70F5 /* Copy Pods Resources */ = {
			isa = PBXShellScriptBuildPhase;
			buildActionMask = 2147483647;
			files = (
			);
			inputPaths = (
			);
			name = "Copy Pods Resources";
			outputPaths = (
			);
			runOnlyForDeploymentPostprocessing = 0;
			shellPath = /bin/sh;
			shellScript = "\"${SRCROOT}/Pods/Target Support Files/Pods/Pods-resources.sh\"\n";
			showEnvVarsInLog = 0;
		};
/* End PBXShellScriptBuildPhase section */

/* Begin PBXSourcesBuildPhase section */
		8FB37EF419D4198400B798BB /* Sources */ = {
			isa = PBXSourcesBuildPhase;
			buildActionMask = 2147483647;
			files = (
				8F8486B51A108394003F476B /* Application.m in Sources */,
				8F8486BE1A10C89A003F476B /* SavedSearch.m in Sources */,
				8FA1799D19F4B05F00F6AF24 /* VCLanguages.m in Sources */,
				8FB628AA19FF9C05001D492C /* VCAboutUs.m in Sources */,
				8F3C8E641A2820B300645A9B /* LanguageChanger.m in Sources */,
				8F8486B21A1082EA003F476B /* CellApplication.m in Sources */,
				8FAF21071A1EE24F0065579D /* CellLatestVacancy.m in Sources */,
				8F4928871A0084690060697A /* VCCopyright.m in Sources */,
				8FC0C92E19D41AAD006F3652 /* VelosiCustomPicker.m in Sources */,
				8FBEF3AE1A10574500A479F6 /* CellEmployment.m in Sources */,
				8FDF96911A2843E3008E9D0A /* LanguageEnglish.m in Sources */,
				8F6CDDAA19DD4302002D7079 /* VCUserDetails.m in Sources */,
				8F85E6881A24316500A24E4D /* VCSaveSearch.m in Sources */,
				8F7BD62519DA8FDB00E20A77 /* VCJobDetails.m in Sources */,
				8FC0C92119D41A60006F3652 /* VCLocationSelection.m in Sources */,
				8FC0C91219D41A11006F3652 /* AppDelegate.m in Sources */,
				8FAF210D1A1F188D0065579D /* VelosDatePicker.m in Sources */,
				8F25E12F19DE7B840043C6F0 /* CurrencyList.m in Sources */,
				8F6F5BCA19E7C39800271FB5 /* DAKeyboardControl.m in Sources */,
				8FC0C92A19D41A83006F3652 /* VelosiColors.m in Sources */,
				8F877F9D19D5123C00B0F820 /* CountryList.m in Sources */,
				8FC8F44A19EE7D1C00BA9084 /* VCUserApplications.m in Sources */,
				8F8486AC1A1069B7003F476B /* VCEmploymentDetail.m in Sources */,
				8FBEF3B11A105A9200A479F6 /* Employment.m in Sources */,
				8F4928841A0084480060697A /* VCPrivacy.m in Sources */,
				8F49288A1A00848A0060697A /* VCDisclaimer.m in Sources */,
				8FB628A319FF70D0001D492C /* VCList.m in Sources */,
				8FC0C92719D41A79006F3652 /* VCSearchJob.m in Sources */,
				8F8486C11A10DF75003F476B /* VCSavedSearchDetail.m in Sources */,
				8F49288D1A00849F0060697A /* VCSecurityPolicy.m in Sources */,
				8F3F7D8E19DBF719001C9D78 /* User.m in Sources */,
				8F8486BB1A10C5FA003F476B /* CellSavedSearches.m in Sources */,
				8FC0C93119D41AB8006F3652 /* VelosiDesigner.m in Sources */,
				8F49287B1A0083A90060697A /* VCCVHelp.m in Sources */,
				8FC0C91A19D41A43006F3652 /* OnlineGateway.m in Sources */,
				8F5D8B5819F8C97F00EEC020 /* VCSlider.m in Sources */,
				8F877FA219D5687B00B0F820 /* VCLogin.m in Sources */,
				8FAB94AC19D93B46008D23C8 /* CellJobSummary.m in Sources */,
				8F4928901A00AA010060697A /* CellDocument.m in Sources */,
				8F6CDDB019DD49A9002D7079 /* VCUserDocuments.m in Sources */,
				8F6CDDB319DD49B5002D7079 /* VCUserEmployments.m in Sources */,
				8FC0C92019D41A60006F3652 /* VCCountrySelection.m in Sources */,
				8FB50F871A11D88800FB4307 /* VCForgotPassword.m in Sources */,
				8F49287E1A0084080060697A /* VCNews.m in Sources */,
				8F3F7D8719DBAA4B001C9D78 /* CellDetail.m in Sources */,
				8F822C7A19DAAED900DB597E /* Job.m in Sources */,
				8F4928811A0084160060697A /* VCTerms.m in Sources */,
				8F8486AF1A106DDE003F476B /* VCDetail.m in Sources */,
				8F4928931A00B0EB0060697A /* Document.m in Sources */,
				8F5A74B419EB9DEC0006DFAE /* UserChoicesFactory.m in Sources */,
				8FAB94AF19D93D49008D23C8 /* VCJobSummary.m in Sources */,
				8FC08FCF1A1AEF9000A0E4BE /* OfflineGateway.m in Sources */,
				8F5D8B5B19F8F71500EEC020 /* CellSidebar.m in Sources */,
				8FC0C91619D41A25006F3652 /* MBProgressHUD.m in Sources */,
				8FC0C92419D41A69006F3652 /* VCPage.m in Sources */,
				8F6CDDB919DD5B4E002D7079 /* PageNavigatorFactory.m in Sources */,
				8FB37EFE19D4198400B798BB /* main.m in Sources */,
				8FAB94A919D909A4008D23C8 /* JobSummary.m in Sources */,
				8F6CDDB619DD49BF002D7079 /* VCUserPassword.m in Sources */,
				8F7FD44D1A01E2E6005DA69C /* VCDocumentDetails.m in Sources */,
				8F6CDDAD19DD499E002D7079 /* VCUserSearches.m in Sources */,
				8F9D86F51A007C85004878A4 /* VCLink.m in Sources */,
				8F86E28719FE0E84006602FB /* VCHome.m in Sources */,
			);
			runOnlyForDeploymentPostprocessing = 0;
		};
		8FB37F0D19D4198400B798BB /* Sources */ = {
			isa = PBXSourcesBuildPhase;
			buildActionMask = 2147483647;
			files = (
				8FB37F1819D4198400B798BB /* JobsTests.m in Sources */,
			);
			runOnlyForDeploymentPostprocessing = 0;
		};
/* End PBXSourcesBuildPhase section */

/* Begin PBXTargetDependency section */
		8FB37F1319D4198400B798BB /* PBXTargetDependency */ = {
			isa = PBXTargetDependency;
			target = 8FB37EF719D4198400B798BB /* Jobs */;
			targetProxy = 8FB37F1219D4198400B798BB /* PBXContainerItemProxy */;
		};
/* End PBXTargetDependency section */

/* Begin XCBuildConfiguration section */
		8FB37F1919D4198400B798BB /* Debug */ = {
			isa = XCBuildConfiguration;
			buildSettings = {
				ALWAYS_SEARCH_USER_PATHS = NO;
				CLANG_CXX_LANGUAGE_STANDARD = "gnu++0x";
				CLANG_CXX_LIBRARY = "libc++";
				CLANG_ENABLE_MODULES = YES;
				CLANG_ENABLE_OBJC_ARC = YES;
				CLANG_WARN_BOOL_CONVERSION = YES;
				CLANG_WARN_CONSTANT_CONVERSION = YES;
				CLANG_WARN_DIRECT_OBJC_ISA_USAGE = YES_ERROR;
				CLANG_WARN_EMPTY_BODY = YES;
				CLANG_WARN_ENUM_CONVERSION = YES;
				CLANG_WARN_INT_CONVERSION = YES;
				CLANG_WARN_OBJC_ROOT_CLASS = YES_ERROR;
				CLANG_WARN_UNREACHABLE_CODE = YES;
				CLANG_WARN__DUPLICATE_METHOD_MATCH = YES;
				"CODE_SIGN_IDENTITY[sdk=iphoneos*]" = "iPhone Developer";
				COPY_PHASE_STRIP = NO;
				ENABLE_STRICT_OBJC_MSGSEND = YES;
				GCC_C_LANGUAGE_STANDARD = gnu99;
				GCC_DYNAMIC_NO_PIC = NO;
				GCC_OPTIMIZATION_LEVEL = 0;
				GCC_PREPROCESSOR_DEFINITIONS = (
					"DEBUG=1",
					"$(inherited)",
				);
				GCC_SYMBOLS_PRIVATE_EXTERN = NO;
				GCC_WARN_64_TO_32_BIT_CONVERSION = YES;
				GCC_WARN_ABOUT_RETURN_TYPE = YES_ERROR;
				GCC_WARN_UNDECLARED_SELECTOR = YES;
				GCC_WARN_UNINITIALIZED_AUTOS = YES_AGGRESSIVE;
				GCC_WARN_UNUSED_FUNCTION = YES;
				GCC_WARN_UNUSED_VARIABLE = YES;
				IPHONEOS_DEPLOYMENT_TARGET = 7.0;
				MTL_ENABLE_DEBUG_INFO = YES;
				ONLY_ACTIVE_ARCH = YES;
				PROVISIONING_PROFILE = "";
				SDKROOT = iphoneos;
			};
			name = Debug;
		};
		8FB37F1A19D4198400B798BB /* Release */ = {
			isa = XCBuildConfiguration;
			buildSettings = {
				ALWAYS_SEARCH_USER_PATHS = NO;
				CLANG_CXX_LANGUAGE_STANDARD = "gnu++0x";
				CLANG_CXX_LIBRARY = "libc++";
				CLANG_ENABLE_MODULES = YES;
				CLANG_ENABLE_OBJC_ARC = YES;
				CLANG_WARN_BOOL_CONVERSION = YES;
				CLANG_WARN_CONSTANT_CONVERSION = YES;
				CLANG_WARN_DIRECT_OBJC_ISA_USAGE = YES_ERROR;
				CLANG_WARN_EMPTY_BODY = YES;
				CLANG_WARN_ENUM_CONVERSION = YES;
				CLANG_WARN_INT_CONVERSION = YES;
				CLANG_WARN_OBJC_ROOT_CLASS = YES_ERROR;
				CLANG_WARN_UNREACHABLE_CODE = YES;
				CLANG_WARN__DUPLICATE_METHOD_MATCH = YES;
				"CODE_SIGN_IDENTITY[sdk=iphoneos*]" = "iPhone Distribution: Velosi Europe Limited (HR27VC98VQ)";
				COPY_PHASE_STRIP = YES;
				ENABLE_NS_ASSERTIONS = NO;
				ENABLE_STRICT_OBJC_MSGSEND = YES;
				GCC_C_LANGUAGE_STANDARD = gnu99;
				GCC_WARN_64_TO_32_BIT_CONVERSION = YES;
				GCC_WARN_ABOUT_RETURN_TYPE = YES_ERROR;
				GCC_WARN_UNDECLARED_SELECTOR = YES;
				GCC_WARN_UNINITIALIZED_AUTOS = YES_AGGRESSIVE;
				GCC_WARN_UNUSED_FUNCTION = YES;
				GCC_WARN_UNUSED_VARIABLE = YES;
				IPHONEOS_DEPLOYMENT_TARGET = 7.0;
				MTL_ENABLE_DEBUG_INFO = NO;
				PROVISIONING_PROFILE = "";
				SDKROOT = iphoneos;
				VALIDATE_PRODUCT = YES;
			};
			name = Release;
		};
		8FB37F1C19D4198400B798BB /* Debug */ = {
			isa = XCBuildConfiguration;
			baseConfigurationReference = AEBD228C5F23C412553BE1A6 /* Pods.debug.xcconfig */;
			buildSettings = {
				ASSETCATALOG_COMPILER_APPICON_NAME = AppIcon;
				ASSETCATALOG_COMPILER_LAUNCHIMAGE_NAME = LaunchImage;
				CODE_SIGN_IDENTITY = "iPhone Developer";
				"CODE_SIGN_IDENTITY[sdk=iphoneos*]" = "iPhone Developer";
				GCC_PRECOMPILE_PREFIX_HEADER = YES;
				GCC_PREFIX_HEADER = "Jobs/Jobs-Prefix.pch";
				INFOPLIST_FILE = Jobs/Info.plist;
				IPHONEOS_DEPLOYMENT_TARGET = 8.0;
				LD_RUNPATH_SEARCH_PATHS = "$(inherited) @executable_path/Frameworks";
				PRODUCT_NAME = "$(TARGET_NAME)";
				PROVISIONING_PROFILE = "";
				TARGETED_DEVICE_FAMILY = "1,2";
			};
			name = Debug;
		};
		8FB37F1D19D4198400B798BB /* Release */ = {
			isa = XCBuildConfiguration;
			baseConfigurationReference = 30EDC7A813EB2A3B96D1F570 /* Pods.release.xcconfig */;
			buildSettings = {
				ASSETCATALOG_COMPILER_APPICON_NAME = AppIcon;
				ASSETCATALOG_COMPILER_LAUNCHIMAGE_NAME = LaunchImage;
				CODE_SIGN_IDENTITY = "iPhone Developer";
				"CODE_SIGN_IDENTITY[sdk=iphoneos*]" = "iPhone Developer";
				GCC_PRECOMPILE_PREFIX_HEADER = YES;
				GCC_PREFIX_HEADER = "Jobs/Jobs-Prefix.pch";
				INFOPLIST_FILE = Jobs/Info.plist;
				IPHONEOS_DEPLOYMENT_TARGET = 8.0;
				LD_RUNPATH_SEARCH_PATHS = "$(inherited) @executable_path/Frameworks";
				PRODUCT_NAME = "$(TARGET_NAME)";
				PROVISIONING_PROFILE = "";
				TARGETED_DEVICE_FAMILY = "1,2";
			};
			name = Release;
		};
		8FB37F1F19D4198400B798BB /* Debug */ = {
			isa = XCBuildConfiguration;
			buildSettings = {
				BUNDLE_LOADER = "$(TEST_HOST)";
				FRAMEWORK_SEARCH_PATHS = (
					"$(SDKROOT)/Developer/Library/Frameworks",
					"$(inherited)",
				);
				GCC_PREPROCESSOR_DEFINITIONS = (
					"DEBUG=1",
					"$(inherited)",
				);
				INFOPLIST_FILE = JobsTests/Info.plist;
				LD_RUNPATH_SEARCH_PATHS = "$(inherited) @executable_path/Frameworks @loader_path/Frameworks";
				PRODUCT_NAME = "$(TARGET_NAME)";
				TEST_HOST = "$(BUILT_PRODUCTS_DIR)/Jobs.app/Jobs";
			};
			name = Debug;
		};
		8FB37F2019D4198400B798BB /* Release */ = {
			isa = XCBuildConfiguration;
			buildSettings = {
				BUNDLE_LOADER = "$(TEST_HOST)";
				FRAMEWORK_SEARCH_PATHS = (
					"$(SDKROOT)/Developer/Library/Frameworks",
					"$(inherited)",
				);
				INFOPLIST_FILE = JobsTests/Info.plist;
				LD_RUNPATH_SEARCH_PATHS = "$(inherited) @executable_path/Frameworks @loader_path/Frameworks";
				PRODUCT_NAME = "$(TARGET_NAME)";
				TEST_HOST = "$(BUILT_PRODUCTS_DIR)/Jobs.app/Jobs";
			};
			name = Release;
		};
/* End XCBuildConfiguration section */

/* Begin XCConfigurationList section */
		8FB37EF319D4198400B798BB /* Build configuration list for PBXProject "Jobs" */ = {
			isa = XCConfigurationList;
			buildConfigurations = (
				8FB37F1919D4198400B798BB /* Debug */,
				8FB37F1A19D4198400B798BB /* Release */,
			);
			defaultConfigurationIsVisible = 0;
			defaultConfigurationName = Release;
		};
		8FB37F1B19D4198400B798BB /* Build configuration list for PBXNativeTarget "Jobs" */ = {
			isa = XCConfigurationList;
			buildConfigurations = (
				8FB37F1C19D4198400B798BB /* Debug */,
				8FB37F1D19D4198400B798BB /* Release */,
			);
			defaultConfigurationIsVisible = 0;
			defaultConfigurationName = Release;
		};
		8FB37F1E19D4198400B798BB /* Build configuration list for PBXNativeTarget "JobsTests" */ = {
			isa = XCConfigurationList;
			buildConfigurations = (
				8FB37F1F19D4198400B798BB /* Debug */,
				8FB37F2019D4198400B798BB /* Release */,
			);
			defaultConfigurationIsVisible = 0;
			defaultConfigurationName = Release;
		};
/* End XCConfigurationList section */
	};
	rootObject = 8FB37EF019D4198400B798BB /* Project object */;
}
